
Microsoft Visual Studio Solution File, Format Version 12.00
Project("{FAE04EC0-301F-11D3-BF4B-00C04F79EFBC}") = "FortuneTeller", "FortuneTeller\FortuneTeller.csproj", "{D3C086D2-0739-4762-808F-C9B4992DB040}"
EndProject
Global
	GlobalSection(SolutionConfigurationPlatforms) = preSolution
		Debug|Any CPU = Debug|Any CPU
		Release|Any CPU = Release|Any CPU
	EndGlobalSection
	GlobalSection(ProjectConfigurationPlatforms) = postSolution
		{D3C086D2-0739-4762-808F-C9B4992DB040}.Debug|Any CPU.ActiveCfg = Debug|Any CPU
		{D3C086D2-0739-4762-808F-C9B4992DB040}.Debug|Any CPU.Build.0 = Debug|Any CPU
		{D3C086D2-0739-4762-808F-C9B4992DB040}.Release|Any CPU.ActiveCfg = Release|Any CPU
		{D3C086D2-0739-4762-808F-C9B4992DB040}.Release|Any CPU.Build.0 = Release|Any CPU
	EndGlobalSection
EndGlobal
